
Microsoft Visual Studio Solution File, Format Version 12.00
# Visual Studio Version 17
VisualStudioVersion = 17.7.34018.315
MinimumVisualStudioVersion = 10.0.40219.1
Project("{FAE04EC0-301F-11D3-BF4B-00C04F79EFBC}") = "hw_2023_10_07", "hw_2023_10_07\hw_2023_10_07.csproj", "{EC611EB7-270A-4BF7-BB7D-0B29F03CD297}"
EndProject
Global
	GlobalSection(SolutionConfigurationPlatforms) = preSolution
		Debug|Any CPU = Debug|Any CPU
		Release|Any CPU = Release|Any CPU
	EndGlobalSection
	GlobalSection(ProjectConfigurationPlatforms) = postSolution
		{EC611EB7-270A-4BF7-BB7D-0B29F03CD297}.Debug|Any CPU.ActiveCfg = Debug|Any CPU
		{EC611EB7-270A-4BF7-BB7D-0B29F03CD297}.Debug|Any CPU.Build.0 = Debug|Any CPU
		{EC611EB7-270A-4BF7-BB7D-0B29F03CD297}.Release|Any CPU.ActiveCfg = Release|Any CPU
		{EC611EB7-270A-4BF7-BB7D-0B29F03CD297}.Release|Any CPU.Build.0 = Release|Any CPU
	EndGlobalSection
	GlobalSection(SolutionProperties) = preSolution
		HideSolutionNode = FALSE
	EndGlobalSection
	GlobalSection(ExtensibilityGlobals) = postSolution
		SolutionGuid = {49257CD1-8F84-4F8F-8B57-EF4DFA94E0FB}
	EndGlobalSection
EndGlobal
